PODS:
  - WebAuthentication (0.2.0)

DEPENDENCIES:
  - WebAuthentication (from `../`)

EXTERNAL SOURCES:
  WebAuthentication:
    :path: "../"

SPEC CHECKSUMS:
  WebAuthentication: 89884d5a5547c20dd178f7503b68460b60f54871

PODFILE CHECKSUM: 5ea3aa293a0345a410cebf92ec68c5aa9ee234cd

COCOAPODS: 1.10.1
