PODS:
  - WebAuthentication (0.1.4)

DEPENDENCIES:
  - WebAuthentication (from `../`)

EXTERNAL SOURCES:
  WebAuthentication:
    :path: "../"

SPEC CHECKSUMS:
  WebAuthentication: 136b7b58598f12c7387c368ac913e1bc5132a010

PODFILE CHECKSUM: 5ea3aa293a0345a410cebf92ec68c5aa9ee234cd

COCOAPODS: 1.10.1
